// !$*UTF8*$!
{
	archiveVersion = 1;
	classes = {
	};
	objectVersion = 46;
	objects = {

/* Begin PBXBuildFile section */
		B4F52B371A36B9A500F15E6F /* AppDelegate.swift in Sources */ = {isa = PBXBuildFile; fileRef = B4F52B361A36B9A500F15E6F /* AppDelegate.swift */; };
		B4F52B391A36B9A500F15E6F /* ViewController.swift in Sources */ = {isa = PBXBuildFile; fileRef = B4F52B381A36B9A500F15E6F /* ViewController.swift */; };
		B4F52B3C1A36B9A500F15E6F /* Main.storyboard in Resources */ = {isa = PBXBuildFile; fileRef = B4F52B3A1A36B9A500F15E6F /* Main.storyboard */; };
		B4F52B3E1A36B9A500F15E6F /* Images.xcassets in Resources */ = {isa = PBXBuildFile; fileRef = B4F52B3D1A36B9A500F15E6F /* Images.xcassets */; };
		B4F52B411A36B9A500F15E6F /* LaunchScreen.xib in Resources */ = {isa = PBXBuildFile; fileRef = B4F52B3F1A36B9A500F15E6F /* LaunchScreen.xib */; };
		B4F52B4D1A36B9A500F15E6F /* MVVMTests.swift in Sources */ = {isa = PBXBuildFile; fileRef = B4F52B4C1A36B9A500F15E6F /* MVVMTests.swift */; };
		B4F52B581A36B9D500F15E6F /* Person.swift in Sources */ = {isa = PBXBuildFile; fileRef = B4F52B571A36B9D500F15E6F /* Person.swift */; };
		B4F52B5B1A36BE5600F15E6F /* PersonViewModel.swift in Sources */ = {isa = PBXBuildFile; fileRef = B4F52B5A1A36BE5600F15E6F /* PersonViewModel.swift */; };
		B4F52B5D1A36C45300F15E6F /* ViewModelTest.swift in Sources */ = {isa = PBXBuildFile; fileRef = B4F52B5C1A36C45300F15E6F /* ViewModelTest.swift */; };
		B4F52B5E1A36CF9A00F15E6F /* PersonViewModel.swift in Sources */ = {isa = PBXBuildFile; fileRef = B4F52B5A1A36BE5600F15E6F /* PersonViewModel.swift */; };
		B4F52B5F1A36CF9D00F15E6F /* Person.swift in Sources */ = {isa = PBXBuildFile; fileRef = B4F52B571A36B9D500F15E6F /* Person.swift */; };
/* End PBXBuildFile section */

/* Begin PBXContainerItemProxy section */
		B4F52B471A36B9A500F15E6F /* PBXContainerItemProxy */ = {
			isa = PBXContainerItemProxy;
			containerPortal = B4F52B291A36B9A500F15E6F /* Project object */;
			proxyType = 1;
			remoteGlobalIDString = B4F52B301A36B9A500F15E6F;
			remoteInfo = MVVM;
		};
/* End PBXContainerItemProxy section */

/* Begin PBXFileReference section */
		B4F52B311A36B9A500F15E6F /* MVVM.app */ = {isa = PBXFileReference; explicitFileType = wrapper.application; includeInIndex = 0; path = MVVM.app; sourceTree = BUILT_PRODUCTS_DIR; };
		B4F52B351A36B9A500F15E6F /* Info.plist */ = {isa = PBXFileReference; lastKnownFileType = text.plist.xml; path = Info.plist; sourceTree = "<group>"; };
		B4F52B361A36B9A500F15E6F /* AppDelegate.swift */ = {isa = PBXFileReference; lastKnownFileType = sourcecode.swift; path = AppDelegate.swift; sourceTree = "<group>"; };
		B4F52B381A36B9A500F15E6F /* ViewController.swift */ = {isa = PBXFileReference; lastKnownFileType = sourcecode.swift; path = ViewController.swift; sourceTree = "<group>"; };
		B4F52B3B1A36B9A500F15E6F /* Base */ = {isa = PBXFileReference; lastKnownFileType = file.storyboard; name = Base; path = Base.lproj/Main.storyboard; sourceTree = "<group>"; };
		B4F52B3D1A36B9A500F15E6F /* Images.xcassets */ = {isa = PBXFileReference; lastKnownFileType = folder.assetcatalog; path = Images.xcassets; sourceTree = "<group>"; };
		B4F52B401A36B9A500F15E6F /* Base */ = {isa = PBXFileReference; lastKnownFileType = file.xib; name = Base; path = Base.lproj/LaunchScreen.xib; sourceTree = "<group>"; };
		B4F52B461A36B9A500F15E6F /* MVVMTests.xctest */ = {isa = PBXFileReference; explicitFileType = wrapper.cfbundle; includeInIndex = 0; path = MVVMTests.xctest; sourceTree = BUILT_PRODUCTS_DIR; };
		B4F52B4B1A36B9A500F15E6F /* Info.plist */ = {isa = PBXFileReference; lastKnownFileType = text.plist.xml; path = Info.plist; sourceTree = "<group>"; };
		B4F52B4C1A36B9A500F15E6F /* MVVMTests.swift */ = {isa = PBXFileReference; lastKnownFileType = sourcecode.swift; path = MVVMTests.swift; sourceTree = "<group>"; };
		B4F52B571A36B9D500F15E6F /* Person.swift */ = {isa = PBXFileReference; fileEncoding = 4; lastKnownFileType = sourcecode.swift; path = Person.swift; sourceTree = "<group>"; };
		B4F52B5A1A36BE5600F15E6F /* PersonViewModel.swift */ = {isa = PBXFileReference; fileEncoding = 4; lastKnownFileType = sourcecode.swift; path = PersonViewModel.swift; sourceTree = "<group>"; };
		B4F52B5C1A36C45300F15E6F /* ViewModelTest.swift */ = {isa = PBXFileReference; fileEncoding = 4; lastKnownFileType = sourcecode.swift; path = ViewModelTest.swift; sourceTree = "<group>"; };
/* End PBXFileReference section */

/* Begin PBXFrameworksBuildPhase section */
		B4F52B2E1A36B9A500F15E6F /* Frameworks */ = {
			isa = PBXFrameworksBuildPhase;
			buildActionMask = 2147483647;
			files = (
			);
			runOnlyForDeploymentPostprocessing = 0;
		};
		B4F52B431A36B9A500F15E6F /* Frameworks */ = {
			isa = PBXFrameworksBuildPhase;
			buildActionMask = 2147483647;
			files = (
			);
			runOnlyForDeploymentPostprocessing = 0;
		};
/* End PBXFrameworksBuildPhase section */

/* Begin PBXGroup section */
		B4F52B281A36B9A500F15E6F = {
			isa = PBXGroup;
			children = (
				B4F52B331A36B9A500F15E6F /* MVVM */,
				B4F52B491A36B9A500F15E6F /* MVVMTests */,
				B4F52B321A36B9A500F15E6F /* Products */,
			);
			sourceTree = "<group>";
		};
		B4F52B321A36B9A500F15E6F /* Products */ = {
			isa = PBXGroup;
			children = (
				B4F52B311A36B9A500F15E6F /* MVVM.app */,
				B4F52B461A36B9A500F15E6F /* MVVMTests.xctest */,
			);
			name = Products;
			sourceTree = "<group>";
		};
		B4F52B331A36B9A500F15E6F /* MVVM */ = {
			isa = PBXGroup;
			children = (
				B4F52B591A36BE3800F15E6F /* ViewModel */,
				B4F52B561A36B9B900F15E6F /* Model */,
				B4F52B361A36B9A500F15E6F /* AppDelegate.swift */,
				B4F52B381A36B9A500F15E6F /* ViewController.swift */,
				B4F52B3A1A36B9A500F15E6F /* Main.storyboard */,
				B4F52B3D1A36B9A500F15E6F /* Images.xcassets */,
				B4F52B3F1A36B9A500F15E6F /* LaunchScreen.xib */,
				B4F52B341A36B9A500F15E6F /* Supporting Files */,
			);
			path = MVVM;
			sourceTree = "<group>";
		};
		B4F52B341A36B9A500F15E6F /* Supporting Files */ = {
			isa = PBXGroup;
			children = (
				B4F52B351A36B9A500F15E6F /* Info.plist */,
			);
			name = "Supporting Files";
			sourceTree = "<group>";
		};
		B4F52B491A36B9A500F15E6F /* MVVMTests */ = {
			isa = PBXGroup;
			children = (
				B4F52B4C1A36B9A500F15E6F /* MVVMTests.swift */,
				B4F52B4A1A36B9A500F15E6F /* Supporting Files */,
				B4F52B5C1A36C45300F15E6F /* ViewModelTest.swift */,
			);
			path = MVVMTests;
			sourceTree = "<group>";
		};
		B4F52B4A1A36B9A500F15E6F /* Supporting Files */ = {
			isa = PBXGroup;
			children = (
				B4F52B4B1A36B9A500F15E6F /* Info.plist */,
			);
			name = "Supporting Files";
			sourceTree = "<group>";
		};
		B4F52B561A36B9B900F15E6F /* Model */ = {
			isa = PBXGroup;
			children = (
				B4F52B571A36B9D500F15E6F /* Person.swift */,
			);
			name = Model;
			sourceTree = "<group>";
		};
		B4F52B591A36BE3800F15E6F /* ViewModel */ = {
			isa = PBXGroup;
			children = (
				B4F52B5A1A36BE5600F15E6F /* PersonViewModel.swift */,
			);
			name = ViewModel;
			sourceTree = "<group>";
		};
/* End PBXGroup section */

/* Begin PBXNativeTarget section */
		B4F52B301A36B9A500F15E6F /* MVVM */ = {
			isa = PBXNativeTarget;
			buildConfigurationList = B4F52B501A36B9A500F15E6F /* Build configuration list for PBXNativeTarget "MVVM" */;
			buildPhases = (
				B4F52B2D1A36B9A500F15E6F /* Sources */,
				B4F52B2E1A36B9A500F15E6F /* Frameworks */,
				B4F52B2F1A36B9A500F15E6F /* Resources */,
			);
			buildRules = (
			);
			dependencies = (
			);
			name = MVVM;
			productName = MVVM;
			productReference = B4F52B311A36B9A500F15E6F /* MVVM.app */;
			productType = "com.apple.product-type.application";
		};
		B4F52B451A36B9A500F15E6F /* MVVMTests */ = {
			isa = PBXNativeTarget;
			buildConfigurationList = B4F52B531A36B9A500F15E6F /* Build configuration list for PBXNativeTarget "MVVMTests" */;
			buildPhases = (
				B4F52B421A36B9A500F15E6F /* Sources */,
				B4F52B431A36B9A500F15E6F /* Frameworks */,
				B4F52B441A36B9A500F15E6F /* Resources */,
			);
			buildRules = (
			);
			dependencies = (
				B4F52B481A36B9A500F15E6F /* PBXTargetDependency */,
			);
			name = MVVMTests;
			productName = MVVMTests;
			productReference = B4F52B461A36B9A500F15E6F /* MVVMTests.xctest */;
			productType = "com.apple.product-type.bundle.unit-test";
		};
/* End PBXNativeTarget section */

/* Begin PBXProject section */
		B4F52B291A36B9A500F15E6F /* Project object */ = {
			isa = PBXProject;
			attributes = {
				LastUpgradeCheck = 0610;
				ORGANIZATIONNAME = "Dynamic Cell";
				TargetAttributes = {
					B4F52B301A36B9A500F15E6F = {
						CreatedOnToolsVersion = 6.1;
					};
					B4F52B451A36B9A500F15E6F = {
						CreatedOnToolsVersion = 6.1;
						TestTargetID = B4F52B301A36B9A500F15E6F;
					};
				};
			};
			buildConfigurationList = B4F52B2C1A36B9A500F15E6F /* Build configuration list for PBXProject "MVVM" */;
			compatibilityVersion = "Xcode 3.2";
			developmentRegion = English;
			hasScannedForEncodings = 0;
			knownRegions = (
				en,
				Base,
			);
			mainGroup = B4F52B281A36B9A500F15E6F;
			productRefGroup = B4F52B321A36B9A500F15E6F /* Products */;
			projectDirPath = "";
			projectRoot = "";
			targets = (
				B4F52B301A36B9A500F15E6F /* MVVM */,
				B4F52B451A36B9A500F15E6F /* MVVMTests */,
			);
		};
/* End PBXProject section */

/* Begin PBXResourcesBuildPhase section */
		B4F52B2F1A36B9A500F15E6F /* Resources */ = {
			isa = PBXResourcesBuildPhase;
			buildActionMask = 2147483647;
			files = (
				B4F52B3C1A36B9A500F15E6F /* Main.storyboard in Resources */,
				B4F52B411A36B9A500F15E6F /* LaunchScreen.xib in Resources */,
				B4F52B3E1A36B9A500F15E6F /* Images.xcassets in Resources */,
			);
			runOnlyForDeploymentPostprocessing = 0;
		};
		B4F52B441A36B9A500F15E6F /* Resources */ = {
			isa = PBXResourcesBuildPhase;
			buildActionMask = 2147483647;
			files = (
			);
			runOnlyForDeploymentPostprocessing = 0;
		};
/* End PBXResourcesBuildPhase section */

/* Begin PBXSourcesBuildPhase section */
		B4F52B2D1A36B9A500F15E6F /* Sources */ = {
			isa = PBXSourcesBuildPhase;
			buildActionMask = 2147483647;
			files = (
				B4F52B581A36B9D500F15E6F /* Person.swift in Sources */,
				B4F52B391A36B9A500F15E6F /* ViewController.swift in Sources */,
				B4F52B371A36B9A500F15E6F /* AppDelegate.swift in Sources */,
				B4F52B5B1A36BE5600F15E6F /* PersonViewModel.swift in Sources */,
			);
			runOnlyForDeploymentPostprocessing = 0;
		};
		B4F52B421A36B9A500F15E6F /* Sources */ = {
			isa = PBXSourcesBuildPhase;
			buildActionMask = 2147483647;
			files = (
				B4F52B5F1A36CF9D00F15E6F /* Person.swift in Sources */,
				B4F52B5E1A36CF9A00F15E6F /* PersonViewModel.swift in Sources */,
				B4F52B5D1A36C45300F15E6F /* ViewModelTest.swift in Sources */,
				B4F52B4D1A36B9A500F15E6F /* MVVMTests.swift in Sources */,
			);
			runOnlyForDeploymentPostprocessing = 0;
		};
/* End PBXSourcesBuildPhase section */

/* Begin PBXTargetDependency section */
		B4F52B481A36B9A500F15E6F /* PBXTargetDependency */ = {
			isa = PBXTargetDependency;
			target = B4F52B301A36B9A500F15E6F /* MVVM */;
			targetProxy = B4F52B471A36B9A500F15E6F /* PBXContainerItemProxy */;
		};
/* End PBXTargetDependency section */

/* Begin PBXVariantGroup section */
		B4F52B3A1A36B9A500F15E6F /* Main.storyboard */ = {
			isa = PBXVariantGroup;
			children = (
				B4F52B3B1A36B9A500F15E6F /* Base */,
			);
			name = Main.storyboard;
			sourceTree = "<group>";
		};
		B4F52B3F1A36B9A500F15E6F /* LaunchScreen.xib */ = {
			isa = PBXVariantGroup;
			children = (
				B4F52B401A36B9A500F15E6F /* Base */,
			);
			name = LaunchScreen.xib;
			sourceTree = "<group>";
		};
/* End PBXVariantGroup section */

/* Begin XCBuildConfiguration section */
		B4F52B4E1A36B9A500F15E6F /* Debug */ = {
			isa = XCBuildConfiguration;
			buildSettings = {
				ALWAYS_SEARCH_USER_PATHS = NO;
				CLANG_CXX_LANGUAGE_STANDARD = "gnu++0x";
				CLANG_CXX_LIBRARY = "libc++";
				CLANG_ENABLE_MODULES = YES;
				CLANG_ENABLE_OBJC_ARC = YES;
				CLANG_WARN_BOOL_CONVERSION = YES;
				CLANG_WARN_CONSTANT_CONVERSION = YES;
				CLANG_WARN_DIRECT_OBJC_ISA_USAGE = YES_ERROR;
				CLANG_WARN_EMPTY_BODY = YES;
				CLANG_WARN_ENUM_CONVERSION = YES;
				CLANG_WARN_INT_CONVERSION = YES;
				CLANG_WARN_OBJC_ROOT_CLASS = YES_ERROR;
				CLANG_WARN_UNREACHABLE_CODE = YES;
				CLANG_WARN__DUPLICATE_METHOD_MATCH = YES;
				"CODE_SIGN_IDENTITY[sdk=iphoneos*]" = "iPhone Developer";
				COPY_PHASE_STRIP = NO;
				ENABLE_STRICT_OBJC_MSGSEND = YES;
				GCC_C_LANGUAGE_STANDARD = gnu99;
				GCC_DYNAMIC_NO_PIC = NO;
				GCC_OPTIMIZATION_LEVEL = 0;
				GCC_PREPROCESSOR_DEFINITIONS = (
					"DEBUG=1",
					"$(inherited)",
				);
				GCC_SYMBOLS_PRIVATE_EXTERN = NO;
				GCC_WARN_64_TO_32_BIT_CONVERSION = YES;
				GCC_WARN_ABOUT_RETURN_TYPE = YES_ERROR;
				GCC_WARN_UNDECLARED_SELECTOR = YES;
				GCC_WARN_UNINITIALIZED_AUTOS = YES_AGGRESSIVE;
				GCC_WARN_UNUSED_FUNCTION = YES;
				GCC_WARN_UNUSED_VARIABLE = YES;
				IPHONEOS_DEPLOYMENT_TARGET = 8.1;
				MTL_ENABLE_DEBUG_INFO = YES;
				ONLY_ACTIVE_ARCH = YES;
				SDKROOT = iphoneos;
				SWIFT_OPTIMIZATION_LEVEL = "-Onone";
			};
			name = Debug;
		};
		B4F52B4F1A36B9A500F15E6F /* Release */ = {
			isa = XCBuildConfiguration;
			buildSettings = {
				ALWAYS_SEARCH_USER_PATHS = NO;
				CLANG_CXX_LANGUAGE_STANDARD = "gnu++0x";
				CLANG_CXX_LIBRARY = "libc++";
				CLANG_ENABLE_MODULES = YES;
				CLANG_ENABLE_OBJC_ARC = YES;
				CLANG_WARN_BOOL_CONVERSION = YES;
				CLANG_WARN_CONSTANT_CONVERSION = YES;
				CLANG_WARN_DIRECT_OBJC_ISA_USAGE = YES_ERROR;
				CLANG_WARN_EMPTY_BODY = YES;
				CLANG_WARN_ENUM_CONVERSION = YES;
				CLANG_WARN_INT_CONVERSION = YES;
				CLANG_WARN_OBJC_ROOT_CLASS = YES_ERROR;
				CLANG_WARN_UNREACHABLE_CODE = YES;
				CLANG_WARN__DUPLICATE_METHOD_MATCH = YES;
				"CODE_SIGN_IDENTITY[sdk=iphoneos*]" = "iPhone Developer";
				COPY_PHASE_STRIP = YES;
				ENABLE_NS_ASSERTIONS = NO;
				ENABLE_STRICT_OBJC_MSGSEND = YES;
				GCC_C_LANGUAGE_STANDARD = gnu99;
				GCC_WARN_64_TO_32_BIT_CONVERSION = YES;
				GCC_WARN_ABOUT_RETURN_TYPE = YES_ERROR;
				GCC_WARN_UNDECLARED_SELECTOR = YES;
				GCC_WARN_UNINITIALIZED_AUTOS = YES_AGGRESSIVE;
				GCC_WARN_UNUSED_FUNCTION = YES;
				GCC_WARN_UNUSED_VARIABLE = YES;
				IPHONEOS_DEPLOYMENT_TARGET = 8.1;
				MTL_ENABLE_DEBUG_INFO = NO;
				SDKROOT = iphoneos;
				VALIDATE_PRODUCT = YES;
			};
			name = Release;
		};
		B4F52B511A36B9A500F15E6F /* Debug */ = {
			isa = XCBuildConfiguration;
			buildSettings = {
				ASSETCATALOG_COMPILER_APPICON_NAME = AppIcon;
				INFOPLIST_FILE = MVVM/Info.plist;
				LD_RUNPATH_SEARCH_PATHS = "$(inherited) @executable_path/Frameworks";
				PRODUCT_NAME = "$(TARGET_NAME)";
			};
			name = Debug;
		};
		B4F52B521A36B9A500F15E6F /* Release */ = {
			isa = XCBuildConfiguration;
			buildSettings = {
				ASSETCATALOG_COMPILER_APPICON_NAME = AppIcon;
				INFOPLIST_FILE = MVVM/Info.plist;
				LD_RUNPATH_SEARCH_PATHS = "$(inherited) @executable_path/Frameworks";
				PRODUCT_NAME = "$(TARGET_NAME)";
			};
			name = Release;
		};
		B4F52B541A36B9A500F15E6F /* Debug */ = {
			isa = XCBuildConfiguration;
			buildSettings = {
				BUNDLE_LOADER = "$(TEST_HOST)";
				FRAMEWORK_SEARCH_PATHS = (
					"$(SDKROOT)/Developer/Library/Frameworks",
					"$(inherited)",
				);
				GCC_PREPROCESSOR_DEFINITIONS = (
					"DEBUG=1",
					"$(inherited)",
				);
				INFOPLIST_FILE = MVVMTests/Info.plist;
				LD_RUNPATH_SEARCH_PATHS = "$(inherited) @executable_path/Frameworks @loader_path/Frameworks";
				PRODUCT_NAME = "$(TARGET_NAME)";
				TEST_HOST = "$(BUILT_PRODUCTS_DIR)/MVVM.app/MVVM";
			};
			name = Debug;
		};
		B4F52B551A36B9A500F15E6F /* Release */ = {
			isa = XCBuildConfiguration;
			buildSettings = {
				BUNDLE_LOADER = "$(TEST_HOST)";
				FRAMEWORK_SEARCH_PATHS = (
					"$(SDKROOT)/Developer/Library/Frameworks",
					"$(inherited)",
				);
				INFOPLIST_FILE = MVVMTests/Info.plist;
				LD_RUNPATH_SEARCH_PATHS = "$(inherited) @executable_path/Frameworks @loader_path/Frameworks";
				PRODUCT_NAME = "$(TARGET_NAME)";
				TEST_HOST = "$(BUILT_PRODUCTS_DIR)/MVVM.app/MVVM";
			};
			name = Release;
		};
/* End XCBuildConfiguration section */

/* Begin XCConfigurationList section */
		B4F52B2C1A36B9A500F15E6F /* Build configuration list for PBXProject "MVVM" */ = {
			isa = XCConfigurationList;
			buildConfigurations = (
				B4F52B4E1A36B9A500F15E6F /* Debug */,
				B4F52B4F1A36B9A500F15E6F /* Release */,
			);
			defaultConfigurationIsVisible = 0;
			defaultConfigurationName = Release;
		};
		B4F52B501A36B9A500F15E6F /* Build configuration list for PBXNativeTarget "MVVM" */ = {
			isa = XCConfigurationList;
			buildConfigurations = (
				B4F52B511A36B9A500F15E6F /* Debug */,
				B4F52B521A36B9A500F15E6F /* Release */,
			);
			defaultConfigurationIsVisible = 0;
		};
		B4F52B531A36B9A500F15E6F /* Build configuration list for PBXNativeTarget "MVVMTests" */ = {
			isa = XCConfigurationList;
			buildConfigurations = (
				B4F52B541A36B9A500F15E6F /* Debug */,
				B4F52B551A36B9A500F15E6F /* Release */,
			);
			defaultConfigurationIsVisible = 0;
		};
/* End XCConfigurationList section */
	};
	rootObject = B4F52B291A36B9A500F15E6F /* Project object */;
}
